// !$*UTF8*$!
{
	archiveVersion = 1;
	classes = {
	};
	objectVersion = 46;
	objects = {

/* Begin PBXBuildFile section */
		00880BB219E08C5A005ABB87 /* CFCell.swift in Sources */ = {isa = PBXBuildFile; fileRef = 00880BB119E08C5A005ABB87 /* CFCell.swift */; };
		00880BB419E09DD0005ABB87 /* MainBoard.storyboard in Resources */ = {isa = PBXBuildFile; fileRef = 00880BB319E09DD0005ABB87 /* MainBoard.storyboard */; };
		00880BB819E0AB31005ABB87 /* ViewController.swift in Sources */ = {isa = PBXBuildFile; fileRef = 00880BB719E0AB31005ABB87 /* ViewController.swift */; };
		00EEE07419E1195D00DF1EBF /* TranslateRightSegue.swift in Sources */ = {isa = PBXBuildFile; fileRef = 00EEE07319E1195D00DF1EBF /* TranslateRightSegue.swift */; };
		78B560DA19E0D281007EAD0B /* DayViewController.swift in Sources */ = {isa = PBXBuildFile; fileRef = 78B560D919E0D281007EAD0B /* DayViewController.swift */; };
		8E14FF2719E0763700CDB19D /* DatabaseController.swift in Sources */ = {isa = PBXBuildFile; fileRef = 8E14FF2619E0763700CDB19D /* DatabaseController.swift */; };
		8E1C856A19E056870029C55A /* AppDelegate.swift in Sources */ = {isa = PBXBuildFile; fileRef = 8E1C856919E056870029C55A /* AppDelegate.swift */; };
		8E1C857119E056870029C55A /* Images.xcassets in Resources */ = {isa = PBXBuildFile; fileRef = 8E1C857019E056870029C55A /* Images.xcassets */; };
		8E1C857419E056870029C55A /* LaunchScreen.xib in Resources */ = {isa = PBXBuildFile; fileRef = 8E1C857219E056870029C55A /* LaunchScreen.xib */; };
		8E1C858019E056870029C55A /* ColorfeelTests.swift in Sources */ = {isa = PBXBuildFile; fileRef = 8E1C857F19E056870029C55A /* ColorfeelTests.swift */; };
		8E1C858A19E05A240029C55A /* libsqlite3.dylib in Frameworks */ = {isa = PBXBuildFile; fileRef = 8E1C858919E05A240029C55A /* libsqlite3.dylib */; };
		8E8D316519E10DAF001667EF /* TranslateLeftSegue.swift in Sources */ = {isa = PBXBuildFile; fileRef = 8E8D316419E10DAF001667EF /* TranslateLeftSegue.swift */; };
		F6562492DFB154D915B7CC4F /* libPods-Colorfeel.a in Frameworks */ = {isa = PBXBuildFile; fileRef = 2491BA6308FE51C5897B6E31 /* libPods-Colorfeel.a */; };
/* End PBXBuildFile section */

/* Begin PBXContainerItemProxy section */
		8E1C857A19E056870029C55A /* PBXContainerItemProxy */ = {
			isa = PBXContainerItemProxy;
			containerPortal = 8E1C855C19E056870029C55A /* Project object */;
			proxyType = 1;
			remoteGlobalIDString = 8E1C856319E056870029C55A;
			remoteInfo = Colorfeel;
		};
/* End PBXContainerItemProxy section */

/* Begin PBXFileReference section */
		00880BB119E08C5A005ABB87 /* CFCell.swift */ = {isa = PBXFileReference; fileEncoding = 4; lastKnownFileType = sourcecode.swift; path = CFCell.swift; sourceTree = "<group>"; };
		00880BB319E09DD0005ABB87 /* MainBoard.storyboard */ = {isa = PBXFileReference; fileEncoding = 4; lastKnownFileType = file.storyboard; path = MainBoard.storyboard; sourceTree = "<group>"; };
		00880BB719E0AB31005ABB87 /* ViewController.swift */ = {isa = PBXFileReference; fileEncoding = 4; lastKnownFileType = sourcecode.swift; path = ViewController.swift; sourceTree = "<group>"; };
		00EEE07319E1195D00DF1EBF /* TranslateRightSegue.swift */ = {isa = PBXFileReference; fileEncoding = 4; lastKnownFileType = sourcecode.swift; path = TranslateRightSegue.swift; sourceTree = "<group>"; };
		2491BA6308FE51C5897B6E31 /* libPods-Colorfeel.a */ = {isa = PBXFileReference; explicitFileType = archive.ar; includeInIndex = 0; path = "libPods-Colorfeel.a"; sourceTree = BUILT_PRODUCTS_DIR; };
		62FBDC0EC729187556338D0D /* Pods-Colorfeel.release.xcconfig */ = {isa = PBXFileReference; includeInIndex = 1; lastKnownFileType = text.xcconfig; name = "Pods-Colorfeel.release.xcconfig"; path = "Pods/Target Support Files/Pods-Colorfeel/Pods-Colorfeel.release.xcconfig"; sourceTree = "<group>"; };
		78AE12AC04E25464BDA30564 /* Pods-Colorfeel.debug.xcconfig */ = {isa = PBXFileReference; includeInIndex = 1; lastKnownFileType = text.xcconfig; name = "Pods-Colorfeel.debug.xcconfig"; path = "Pods/Target Support Files/Pods-Colorfeel/Pods-Colorfeel.debug.xcconfig"; sourceTree = "<group>"; };
		78B560D919E0D281007EAD0B /* DayViewController.swift */ = {isa = PBXFileReference; fileEncoding = 4; lastKnownFileType = sourcecode.swift; path = DayViewController.swift; sourceTree = "<group>"; };
		8E14FF2519E0746500CDB19D /* Colorfeel-Bridging-Header.h */ = {isa = PBXFileReference; lastKnownFileType = sourcecode.c.h; path = "Colorfeel-Bridging-Header.h"; sourceTree = "<group>"; };
		8E14FF2619E0763700CDB19D /* DatabaseController.swift */ = {isa = PBXFileReference; fileEncoding = 4; lastKnownFileType = sourcecode.swift; path = DatabaseController.swift; sourceTree = "<group>"; };
		8E1C856419E056870029C55A /* Colorfeel.app */ = {isa = PBXFileReference; explicitFileType = wrapper.application; includeInIndex = 0; path = Colorfeel.app; sourceTree = BUILT_PRODUCTS_DIR; };
		8E1C856819E056870029C55A /* Info.plist */ = {isa = PBXFileReference; lastKnownFileType = text.plist.xml; path = Info.plist; sourceTree = "<group>"; };
		8E1C856919E056870029C55A /* AppDelegate.swift */ = {isa = PBXFileReference; lastKnownFileType = sourcecode.swift; path = AppDelegate.swift; sourceTree = "<group>"; };
		8E1C857019E056870029C55A /* Images.xcassets */ = {isa = PBXFileReference; lastKnownFileType = folder.assetcatalog; path = Images.xcassets; sourceTree = "<group>"; };
		8E1C857319E056870029C55A /* Base */ = {isa = PBXFileReference; lastKnownFileType = file.xib; name = Base; path = Base.lproj/LaunchScreen.xib; sourceTree = "<group>"; };
		8E1C857919E056870029C55A /* ColorfeelTests.xctest */ = {isa = PBXFileReference; explicitFileType = wrapper.cfbundle; includeInIndex = 0; path = ColorfeelTests.xctest; sourceTree = BUILT_PRODUCTS_DIR; };
		8E1C857E19E056870029C55A /* Info.plist */ = {isa = PBXFileReference; lastKnownFileType = text.plist.xml; path = Info.plist; sourceTree = "<group>"; };
		8E1C857F19E056870029C55A /* ColorfeelTests.swift */ = {isa = PBXFileReference; lastKnownFileType = sourcecode.swift; path = ColorfeelTests.swift; sourceTree = "<group>"; };
		8E1C858919E05A240029C55A /* libsqlite3.dylib */ = {isa = PBXFileReference; lastKnownFileType = "compiled.mach-o.dylib"; name = libsqlite3.dylib; path = usr/lib/libsqlite3.dylib; sourceTree = SDKROOT; };
		8E8D316419E10DAF001667EF /* TranslateLeftSegue.swift */ = {isa = PBXFileReference; fileEncoding = 4; lastKnownFileType = sourcecode.swift; path = TranslateLeftSegue.swift; sourceTree = "<group>"; };
/* End PBXFileReference section */

/* Begin PBXFrameworksBuildPhase section */
		8E1C856119E056870029C55A /* Frameworks */ = {
			isa = PBXFrameworksBuildPhase;
			buildActionMask = 2147483647;
			files = (
				8E1C858A19E05A240029C55A /* libsqlite3.dylib in Frameworks */,
				F6562492DFB154D915B7CC4F /* libPods-Colorfeel.a in Frameworks */,
			);
			runOnlyForDeploymentPostprocessing = 0;
		};
		8E1C857619E056870029C55A /* Frameworks */ = {
			isa = PBXFrameworksBuildPhase;
			buildActionMask = 2147483647;
			files = (
			);
			runOnlyForDeploymentPostprocessing = 0;
		};
/* End PBXFrameworksBuildPhase section */

/* Begin PBXGroup section */
		107B4C1726F05A05394A76BC /* Pods */ = {
			isa = PBXGroup;
			children = (
				78AE12AC04E25464BDA30564 /* Pods-Colorfeel.debug.xcconfig */,
				62FBDC0EC729187556338D0D /* Pods-Colorfeel.release.xcconfig */,
			);
			name = Pods;
			sourceTree = "<group>";
		};
		6FEDE5568D3638B1A3152FCF /* Frameworks */ = {
			isa = PBXGroup;
			children = (
				2491BA6308FE51C5897B6E31 /* libPods-Colorfeel.a */,
			);
			name = Frameworks;
			sourceTree = "<group>";
		};
		8E1C855B19E056870029C55A = {
			isa = PBXGroup;
			children = (
				8E1C858919E05A240029C55A /* libsqlite3.dylib */,
				8E1C856619E056870029C55A /* Colorfeel */,
				8E1C857C19E056870029C55A /* ColorfeelTests */,
				8E1C856519E056870029C55A /* Products */,
				107B4C1726F05A05394A76BC /* Pods */,
				6FEDE5568D3638B1A3152FCF /* Frameworks */,
			);
			sourceTree = "<group>";
		};
		8E1C856519E056870029C55A /* Products */ = {
			isa = PBXGroup;
			children = (
				8E1C856419E056870029C55A /* Colorfeel.app */,
				8E1C857919E056870029C55A /* ColorfeelTests.xctest */,
			);
			name = Products;
			sourceTree = "<group>";
		};
		8E1C856619E056870029C55A /* Colorfeel */ = {
			isa = PBXGroup;
			children = (
				00880BB719E0AB31005ABB87 /* ViewController.swift */,
				78B560D919E0D281007EAD0B /* DayViewController.swift */,
				8E8D316419E10DAF001667EF /* TranslateLeftSegue.swift */,
				00EEE07319E1195D00DF1EBF /* TranslateRightSegue.swift */,
				00880BB319E09DD0005ABB87 /* MainBoard.storyboard */,
				00880BB119E08C5A005ABB87 /* CFCell.swift */,
				8E1C856919E056870029C55A /* AppDelegate.swift */,
				8E14FF2619E0763700CDB19D /* DatabaseController.swift */,
				8E1C857019E056870029C55A /* Images.xcassets */,
				8E1C857219E056870029C55A /* LaunchScreen.xib */,
				8E1C856719E056870029C55A /* Supporting Files */,
			);
			path = Colorfeel;
			sourceTree = "<group>";
		};
		8E1C856719E056870029C55A /* Supporting Files */ = {
			isa = PBXGroup;
			children = (
				8E14FF2519E0746500CDB19D /* Colorfeel-Bridging-Header.h */,
				8E1C856819E056870029C55A /* Info.plist */,
			);
			name = "Supporting Files";
			sourceTree = "<group>";
		};
		8E1C857C19E056870029C55A /* ColorfeelTests */ = {
			isa = PBXGroup;
			children = (
				8E1C857F19E056870029C55A /* ColorfeelTests.swift */,
				8E1C857D19E056870029C55A /* Supporting Files */,
			);
			path = ColorfeelTests;
			sourceTree = "<group>";
		};
		8E1C857D19E056870029C55A /* Supporting Files */ = {
			isa = PBXGroup;
			children = (
				8E1C857E19E056870029C55A /* Info.plist */,
			);
			name = "Supporting Files";
			sourceTree = "<group>";
		};
/* End PBXGroup section */

/* Begin PBXNativeTarget section */
		8E1C856319E056870029C55A /* Colorfeel */ = {
			isa = PBXNativeTarget;
			buildConfigurationList = 8E1C858319E056870029C55A /* Build configuration list for PBXNativeTarget "Colorfeel" */;
			buildPhases = (
				538949F77D1A2CA2659473DF /* Check Pods Manifest.lock */,
				8E1C856019E056870029C55A /* Sources */,
				8E1C856119E056870029C55A /* Frameworks */,
				8E1C856219E056870029C55A /* Resources */,
				98C48BBCE9473F5C7636FF4A /* Copy Pods Resources */,
			);
			buildRules = (
			);
			dependencies = (
			);
			name = Colorfeel;
			productName = Colorfeel;
			productReference = 8E1C856419E056870029C55A /* Colorfeel.app */;
			productType = "com.apple.product-type.application";
		};
		8E1C857819E056870029C55A /* ColorfeelTests */ = {
			isa = PBXNativeTarget;
			buildConfigurationList = 8E1C858619E056870029C55A /* Build configuration list for PBXNativeTarget "ColorfeelTests" */;
			buildPhases = (
				8E1C857519E056870029C55A /* Sources */,
				8E1C857619E056870029C55A /* Frameworks */,
				8E1C857719E056870029C55A /* Resources */,
			);
			buildRules = (
			);
			dependencies = (
				8E1C857B19E056870029C55A /* PBXTargetDependency */,
			);
			name = ColorfeelTests;
			productName = ColorfeelTests;
			productReference = 8E1C857919E056870029C55A /* ColorfeelTests.xctest */;
			productType = "com.apple.product-type.bundle.unit-test";
		};
/* End PBXNativeTarget section */

/* Begin PBXProject section */
		8E1C855C19E056870029C55A /* Project object */ = {
			isa = PBXProject;
			attributes = {
				LastUpgradeCheck = 0600;
				ORGANIZATIONNAME = "Michael Cheng";
				TargetAttributes = {
					8E1C856319E056870029C55A = {
						CreatedOnToolsVersion = 6.0.1;
					};
					8E1C857819E056870029C55A = {
						CreatedOnToolsVersion = 6.0.1;
						TestTargetID = 8E1C856319E056870029C55A;
					};
				};
			};
			buildConfigurationList = 8E1C855F19E056870029C55A /* Build configuration list for PBXProject "Colorfeel" */;
			compatibilityVersion = "Xcode 3.2";
			developmentRegion = English;
			hasScannedForEncodings = 0;
			knownRegions = (
				en,
				Base,
			);
			mainGroup = 8E1C855B19E056870029C55A;
			productRefGroup = 8E1C856519E056870029C55A /* Products */;
			projectDirPath = "";
			projectRoot = "";
			targets = (
				8E1C856319E056870029C55A /* Colorfeel */,
				8E1C857819E056870029C55A /* ColorfeelTests */,
			);
		};
/* End PBXProject section */

/* Begin PBXResourcesBuildPhase section */
		8E1C856219E056870029C55A /* Resources */ = {
			isa = PBXResourcesBuildPhase;
			buildActionMask = 2147483647;
			files = (
				00880BB419E09DD0005ABB87 /* MainBoard.storyboard in Resources */,
				8E1C857419E056870029C55A /* LaunchScreen.xib in Resources */,
				8E1C857119E056870029C55A /* Images.xcassets in Resources */,
			);
			runOnlyForDeploymentPostprocessing = 0;
		};
		8E1C857719E056870029C55A /* Resources */ = {
			isa = PBXResourcesBuildPhase;
			buildActionMask = 2147483647;
			files = (
			);
			runOnlyForDeploymentPostprocessing = 0;
		};
/* End PBXResourcesBuildPhase section */

/* Begin PBXShellScriptBuildPhase section */
		538949F77D1A2CA2659473DF /* Check Pods Manifest.lock */ = {
			isa = PBXShellScriptBuildPhase;
			buildActionMask = 2147483647;
			files = (
			);
			inputPaths = (
			);
			name = "Check Pods Manifest.lock";
			outputPaths = (
			);
			runOnlyForDeploymentPostprocessing = 0;
			shellPath = /bin/sh;
			shellScript = "diff \"${PODS_ROOT}/../Podfile.lock\" \"${PODS_ROOT}/Manifest.lock\" > /dev/null\nif [[ $? != 0 ]] ; then\n    cat << EOM\nerror: The sandbox is not in sync with the Podfile.lock. Run 'pod install' or update your CocoaPods installation.\nEOM\n    exit 1\nfi\n";
			showEnvVarsInLog = 0;
		};
		98C48BBCE9473F5C7636FF4A /* Copy Pods Resources */ = {
			isa = PBXShellScriptBuildPhase;
			buildActionMask = 2147483647;
			files = (
			);
			inputPaths = (
			);
			name = "Copy Pods Resources";
			outputPaths = (
			);
			runOnlyForDeploymentPostprocessing = 0;
			shellPath = /bin/sh;
			shellScript = "\"${SRCROOT}/Pods/Target Support Files/Pods-Colorfeel/Pods-Colorfeel-resources.sh\"\n";
			showEnvVarsInLog = 0;
		};
/* End PBXShellScriptBuildPhase section */

/* Begin PBXSourcesBuildPhase section */
		8E1C856019E056870029C55A /* Sources */ = {
			isa = PBXSourcesBuildPhase;
			buildActionMask = 2147483647;
			files = (
				00880BB819E0AB31005ABB87 /* ViewController.swift in Sources */,
				00880BB219E08C5A005ABB87 /* CFCell.swift in Sources */,
				78B560DA19E0D281007EAD0B /* DayViewController.swift in Sources */,
				00EEE07419E1195D00DF1EBF /* TranslateRightSegue.swift in Sources */,
				8E1C856A19E056870029C55A /* AppDelegate.swift in Sources */,
				8E8D316519E10DAF001667EF /* TranslateLeftSegue.swift in Sources */,
				8E14FF2719E0763700CDB19D /* DatabaseController.swift in Sources */,
			);
			runOnlyForDeploymentPostprocessing = 0;
		};
		8E1C857519E056870029C55A /* Sources */ = {
			isa = PBXSourcesBuildPhase;
			buildActionMask = 2147483647;
			files = (
				8E1C858019E056870029C55A /* ColorfeelTests.swift in Sources */,
			);
			runOnlyForDeploymentPostprocessing = 0;
		};
/* End PBXSourcesBuildPhase section */

/* Begin PBXTargetDependency section */
		8E1C857B19E056870029C55A /* PBXTargetDependency */ = {
			isa = PBXTargetDependency;
			target = 8E1C856319E056870029C55A /* Colorfeel */;
			targetProxy = 8E1C857A19E056870029C55A /* PBXContainerItemProxy */;
		};
/* End PBXTargetDependency section */

/* Begin PBXVariantGroup section */
		8E1C857219E056870029C55A /* LaunchScreen.xib */ = {
			isa = PBXVariantGroup;
			children = (
				8E1C857319E056870029C55A /* Base */,
			);
			name = LaunchScreen.xib;
			sourceTree = "<group>";
		};
/* End PBXVariantGroup section */

/* Begin XCBuildConfiguration section */
		8E1C858119E056870029C55A /* Debug */ = {
			isa = XCBuildConfiguration;
			buildSettings = {
				ALWAYS_SEARCH_USER_PATHS = NO;
				CLANG_CXX_LANGUAGE_STANDARD = "gnu++0x";
				CLANG_CXX_LIBRARY = "libc++";
				CLANG_ENABLE_MODULES = YES;
				CLANG_ENABLE_OBJC_ARC = YES;
				CLANG_WARN_BOOL_CONVERSION = YES;
				CLANG_WARN_CONSTANT_CONVERSION = YES;
				CLANG_WARN_DIRECT_OBJC_ISA_USAGE = YES_ERROR;
				CLANG_WARN_EMPTY_BODY = YES;
				CLANG_WARN_ENUM_CONVERSION = YES;
				CLANG_WARN_INT_CONVERSION = YES;
				CLANG_WARN_OBJC_ROOT_CLASS = YES_ERROR;
				CLANG_WARN_UNREACHABLE_CODE = YES;
				CLANG_WARN__DUPLICATE_METHOD_MATCH = YES;
				"CODE_SIGN_IDENTITY[sdk=iphoneos*]" = "iPhone Developer";
				COPY_PHASE_STRIP = NO;
				ENABLE_STRICT_OBJC_MSGSEND = YES;
				GCC_C_LANGUAGE_STANDARD = gnu99;
				GCC_DYNAMIC_NO_PIC = NO;
				GCC_OPTIMIZATION_LEVEL = 0;
				GCC_PREPROCESSOR_DEFINITIONS = (
					"DEBUG=1",
					"$(inherited)",
				);
				GCC_SYMBOLS_PRIVATE_EXTERN = NO;
				GCC_WARN_64_TO_32_BIT_CONVERSION = YES;
				GCC_WARN_ABOUT_RETURN_TYPE = YES_ERROR;
				GCC_WARN_UNDECLARED_SELECTOR = YES;
				GCC_WARN_UNINITIALIZED_AUTOS = YES_AGGRESSIVE;
				GCC_WARN_UNUSED_FUNCTION = YES;
				GCC_WARN_UNUSED_VARIABLE = YES;
				IPHONEOS_DEPLOYMENT_TARGET = 8.0;
				MTL_ENABLE_DEBUG_INFO = YES;
				ONLY_ACTIVE_ARCH = YES;
				SDKROOT = iphoneos;
				SWIFT_OPTIMIZATION_LEVEL = "-Onone";
				TARGETED_DEVICE_FAMILY = "1,2";
			};
			name = Debug;
		};
		8E1C858219E056870029C55A /* Release */ = {
			isa = XCBuildConfiguration;
			buildSettings = {
				ALWAYS_SEARCH_USER_PATHS = NO;
				CLANG_CXX_LANGUAGE_STANDARD = "gnu++0x";
				CLANG_CXX_LIBRARY = "libc++";
				CLANG_ENABLE_MODULES = YES;
				CLANG_ENABLE_OBJC_ARC = YES;
				CLANG_WARN_BOOL_CONVERSION = YES;
				CLANG_WARN_CONSTANT_CONVERSION = YES;
				CLANG_WARN_DIRECT_OBJC_ISA_USAGE = YES_ERROR;
				CLANG_WARN_EMPTY_BODY = YES;
				CLANG_WARN_ENUM_CONVERSION = YES;
				CLANG_WARN_INT_CONVERSION = YES;
				CLANG_WARN_OBJC_ROOT_CLASS = YES_ERROR;
				CLANG_WARN_UNREACHABLE_CODE = YES;
				CLANG_WARN__DUPLICATE_METHOD_MATCH = YES;
				"CODE_SIGN_IDENTITY[sdk=iphoneos*]" = "iPhone Developer";
				COPY_PHASE_STRIP = YES;
				ENABLE_NS_ASSERTIONS = NO;
				ENABLE_STRICT_OBJC_MSGSEND = YES;
				GCC_C_LANGUAGE_STANDARD = gnu99;
				GCC_WARN_64_TO_32_BIT_CONVERSION = YES;
				GCC_WARN_ABOUT_RETURN_TYPE = YES_ERROR;
				GCC_WARN_UNDECLARED_SELECTOR = YES;
				GCC_WARN_UNINITIALIZED_AUTOS = YES_AGGRESSIVE;
				GCC_WARN_UNUSED_FUNCTION = YES;
				GCC_WARN_UNUSED_VARIABLE = YES;
				IPHONEOS_DEPLOYMENT_TARGET = 8.0;
				MTL_ENABLE_DEBUG_INFO = NO;
				SDKROOT = iphoneos;
				TARGETED_DEVICE_FAMILY = "1,2";
				VALIDATE_PRODUCT = YES;
			};
			name = Release;
		};
		8E1C858419E056870029C55A /* Debug */ = {
			isa = XCBuildConfiguration;
			baseConfigurationReference = 78AE12AC04E25464BDA30564 /* Pods-Colorfeel.debug.xcconfig */;
			buildSettings = {
				ASSETCATALOG_COMPILER_APPICON_NAME = AppIcon;
				CODE_SIGN_IDENTITY = "iPhone Developer";
				INFOPLIST_FILE = Colorfeel/Info.plist;
				LD_RUNPATH_SEARCH_PATHS = "$(inherited) @executable_path/Frameworks";
				PRODUCT_NAME = "$(TARGET_NAME)";
				SWIFT_OBJC_BRIDGING_HEADER = "Colorfeel/Colorfeel-Bridging-Header.h";
				TARGETED_DEVICE_FAMILY = 1;
			};
			name = Debug;
		};
		8E1C858519E056870029C55A /* Release */ = {
			isa = XCBuildConfiguration;
			baseConfigurationReference = 62FBDC0EC729187556338D0D /* Pods-Colorfeel.release.xcconfig */;
			buildSettings = {
				ASSETCATALOG_COMPILER_APPICON_NAME = AppIcon;
				CODE_SIGN_IDENTITY = "iPhone Developer";
				INFOPLIST_FILE = Colorfeel/Info.plist;
				LD_RUNPATH_SEARCH_PATHS = "$(inherited) @executable_path/Frameworks";
				PRODUCT_NAME = "$(TARGET_NAME)";
				SWIFT_OBJC_BRIDGING_HEADER = "Colorfeel/Colorfeel-Bridging-Header.h";
				TARGETED_DEVICE_FAMILY = 1;
			};
			name = Release;
		};
		8E1C858719E056870029C55A /* Debug */ = {
			isa = XCBuildConfiguration;
			buildSettings = {
				BUNDLE_LOADER = "$(TEST_HOST)";
				FRAMEWORK_SEARCH_PATHS = (
					"$(SDKROOT)/Developer/Library/Frameworks",
					"$(inherited)",
				);
				GCC_PREPROCESSOR_DEFINITIONS = (
					"DEBUG=1",
					"$(inherited)",
				);
				INFOPLIST_FILE = ColorfeelTests/Info.plist;
				LD_RUNPATH_SEARCH_PATHS = "$(inherited) @executable_path/Frameworks @loader_path/Frameworks";
				PRODUCT_NAME = "$(TARGET_NAME)";
				TEST_HOST = "$(BUILT_PRODUCTS_DIR)/Colorfeel.app/Colorfeel";
			};
			name = Debug;
		};
		8E1C858819E056870029C55A /* Release */ = {
			isa = XCBuildConfiguration;
			buildSettings = {
				BUNDLE_LOADER = "$(TEST_HOST)";
				FRAMEWORK_SEARCH_PATHS = (
					"$(SDKROOT)/Developer/Library/Frameworks",
					"$(inherited)",
				);
				INFOPLIST_FILE = ColorfeelTests/Info.plist;
				LD_RUNPATH_SEARCH_PATHS = "$(inherited) @executable_path/Frameworks @loader_path/Frameworks";
				PRODUCT_NAME = "$(TARGET_NAME)";
				TEST_HOST = "$(BUILT_PRODUCTS_DIR)/Colorfeel.app/Colorfeel";
			};
			name = Release;
		};
/* End XCBuildConfiguration section */

/* Begin XCConfigurationList section */
		8E1C855F19E056870029C55A /* Build configuration list for PBXProject "Colorfeel" */ = {
			isa = XCConfigurationList;
			buildConfigurations = (
				8E1C858119E056870029C55A /* Debug */,
				8E1C858219E056870029C55A /* Release */,
			);
			defaultConfigurationIsVisible = 0;
			defaultConfigurationName = Release;
		};
		8E1C858319E056870029C55A /* Build configuration list for PBXNativeTarget "Colorfeel" */ = {
			isa = XCConfigurationList;
			buildConfigurations = (
				8E1C858419E056870029C55A /* Debug */,
				8E1C858519E056870029C55A /* Release */,
			);
			defaultConfigurationIsVisible = 0;
			defaultConfigurationName = Release;
		};
		8E1C858619E056870029C55A /* Build configuration list for PBXNativeTarget "ColorfeelTests" */ = {
			isa = XCConfigurationList;
			buildConfigurations = (
				8E1C858719E056870029C55A /* Debug */,
				8E1C858819E056870029C55A /* Release */,
			);
			defaultConfigurationIsVisible = 0;
			defaultConfigurationName = Release;
		};
/* End XCConfigurationList section */
	};
	rootObject = 8E1C855C19E056870029C55A /* Project object */;
}
